# This file is autogenerated, do not edit; changes may be undone by the next 'dep ensure'.


[[projects]]
  name = "github.com/blang/semver"
  packages = ["."]
  revision = "2ee87856327ba09384cabd113bc6b5d174e9ec0f"
  version = "v3.5.1"

[[projects]]
  branch = "master"
  name = "github.com/hashicorp/go-version"
  packages = ["."]
  revision = "23480c0665776210b5fbbac6eaaee40e3e6a96b7"

[solve-meta]
  analyzer-name = "dep"
  analyzer-version = 1
  inputs-digest = "8dbd6ad05196a287923ee56ec8ddd62acf084d7ff228123ffc57cbdd7f4509ea"
  solver-name = "gps-cdcl"
  solver-version = 1
